
Microsoft Visual Studio Solution File, Format Version 12.00
# Visual Studio Version 16
VisualStudioVersion = 16.0.30523.141
MinimumVisualStudioVersion = 10.0.40219.1
Project("{9A19103F-16F7-4668-BE54-9A1E7A4F7556}") = "SmartGarden.API", "SmartGarden.API\SmartGarden.API.csproj", "{8D81C6D8-0FC1-4707-8616-6A60332C8F48}"
EndProject
Project("{9A19103F-16F7-4668-BE54-9A1E7A4F7556}") = "SmartGarden.DAL", "SmartGarden.DAL\SmartGarden.DAL.csproj", "{A28A4DC8-0370-4A78-9F5D-5A50D315E015}"
EndProject
Project("{9A19103F-16F7-4668-BE54-9A1E7A4F7556}") = "SmartGarden.BLL", "SmartGarden.BLL\SmartGarden.BLL.csproj", "{1142DEFC-E9B9-4013-8F52-D9F2C15CD644}"
EndProject
Project("{FAE04EC0-301F-11D3-BF4B-00C04F79EFBC}") = "SmartGarden.Auth.Common", "SmartGarden.Auth.Common\SmartGarden.Auth.Common.csproj", "{9140E7D7-BFA2-43B5-9078-5B1B07B34ECF}"
EndProject
Project("{FAE04EC0-301F-11D3-BF4B-00C04F79EFBC}") = "SmartGarden.Auth.API", "SmartGarden.Auth.API\SmartGarden.Auth.API.csproj", "{EA268A56-61B1-421C-AC49-81097CCFF4B4}"
EndProject
Global
	GlobalSection(SolutionConfigurationPlatforms) = preSolution
		Debug|Any CPU = Debug|Any CPU
		Release|Any CPU = Release|Any CPU
	EndGlobalSection
	GlobalSection(ProjectConfigurationPlatforms) = postSolution
		{8D81C6D8-0FC1-4707-8616-6A60332C8F48}.Debug|Any CPU.ActiveCfg = Debug|Any CPU
		{8D81C6D8-0FC1-4707-8616-6A60332C8F48}.Debug|Any CPU.Build.0 = Debug|Any CPU
		{8D81C6D8-0FC1-4707-8616-6A60332C8F48}.Release|Any CPU.ActiveCfg = Release|Any CPU
		{8D81C6D8-0FC1-4707-8616-6A60332C8F48}.Release|Any CPU.Build.0 = Release|Any CPU
		{A28A4DC8-0370-4A78-9F5D-5A50D315E015}.Debug|Any CPU.ActiveCfg = Debug|Any CPU
		{A28A4DC8-0370-4A78-9F5D-5A50D315E015}.Debug|Any CPU.Build.0 = Debug|Any CPU
		{A28A4DC8-0370-4A78-9F5D-5A50D315E015}.Release|Any CPU.ActiveCfg = Release|Any CPU
		{A28A4DC8-0370-4A78-9F5D-5A50D315E015}.Release|Any CPU.Build.0 = Release|Any CPU
		{1142DEFC-E9B9-4013-8F52-D9F2C15CD644}.Debug|Any CPU.ActiveCfg = Debug|Any CPU
		{1142DEFC-E9B9-4013-8F52-D9F2C15CD644}.Debug|Any CPU.Build.0 = Debug|Any CPU
		{1142DEFC-E9B9-4013-8F52-D9F2C15CD644}.Release|Any CPU.ActiveCfg = Release|Any CPU
		{1142DEFC-E9B9-4013-8F52-D9F2C15CD644}.Release|Any CPU.Build.0 = Release|Any CPU
		{9140E7D7-BFA2-43B5-9078-5B1B07B34ECF}.Debug|Any CPU.ActiveCfg = Debug|Any CPU
		{9140E7D7-BFA2-43B5-9078-5B1B07B34ECF}.Debug|Any CPU.Build.0 = Debug|Any CPU
		{9140E7D7-BFA2-43B5-9078-5B1B07B34ECF}.Release|Any CPU.ActiveCfg = Release|Any CPU
		{9140E7D7-BFA2-43B5-9078-5B1B07B34ECF}.Release|Any CPU.Build.0 = Release|Any CPU
		{EA268A56-61B1-421C-AC49-81097CCFF4B4}.Debug|Any CPU.ActiveCfg = Debug|Any CPU
		{EA268A56-61B1-421C-AC49-81097CCFF4B4}.Debug|Any CPU.Build.0 = Debug|Any CPU
		{EA268A56-61B1-421C-AC49-81097CCFF4B4}.Release|Any CPU.ActiveCfg = Release|Any CPU
		{EA268A56-61B1-421C-AC49-81097CCFF4B4}.Release|Any CPU.Build.0 = Release|Any CPU
	EndGlobalSection
	GlobalSection(SolutionProperties) = preSolution
		HideSolutionNode = FALSE
	EndGlobalSection
	GlobalSection(ExtensibilityGlobals) = postSolution
		SolutionGuid = {4DEDE331-5676-4680-BB8B-BF04CF03E12B}
	EndGlobalSection
EndGlobal
